{
  "version": 4,
  "terraform_version": "0.15.3",
  "serial": 24,
  "lineage": "bb9abe76-c2e9-aec1-615c-5b2bc22db129",
  "outputs": {
    "kubernetes_cluster_host": {
      "value": "130.211.113.157",
      "type": "string"
    },
    "kubernetes_cluster_name": {
      "value": "mylab-324007-gke",
      "type": "string"
    },
    "project_id": {
      "value": "mylab-324007",
      "type": "string"
    },
    "region": {
      "value": "us-central1",
      "type": "string"
    }
  },
  "resources": [
    {
      "mode": "managed",
      "type": "google_compute_network",
      "name": "vpc",
      "provider": "provider[\"registry.terraform.io/hashicorp/google\"]",
      "instances": [
        {
          "schema_version": 0,
          "attributes": {
            "auto_create_subnetworks": false,
            "delete_default_routes_on_create": false,
            "description": "",
            "gateway_ipv4": "",
            "id": "projects/mylab-324007/global/networks/mylab-324007-vpc",
            "mtu": 0,
            "name": "mylab-324007-vpc",
            "project": "mylab-324007",
            "routing_mode": "REGIONAL",
            "self_link": "https://www.googleapis.com/compute/v1/projects/mylab-324007/global/networks/mylab-324007-vpc",
            "timeouts": null
          },
          "sensitive_attributes": [],
          "private": "eyJlMmJmYjczMC1lY2FhLTExZTYtOGY4OC0zNDM2M2JjN2M0YzAiOnsiY3JlYXRlIjoyNDAwMDAwMDAwMDAsImRlbGV0ZSI6MjQwMDAwMDAwMDAwLCJ1cGRhdGUiOjI0MDAwMDAwMDAwMH19"
        }
      ]
    },
    {
      "mode": "managed",
      "type": "google_compute_subnetwork",
      "name": "subnet",
      "provider": "provider[\"registry.terraform.io/hashicorp/google\"]",
      "instances": [
        {
          "schema_version": 0,
          "attributes": {
            "creation_timestamp": "2021-09-15T03:31:53.854-07:00",
            "description": "",
            "fingerprint": null,
            "gateway_address": "10.10.0.1",
            "id": "projects/mylab-324007/regions/us-central1/subnetworks/mylab-324007-subnet",
            "ip_cidr_range": "10.10.0.0/24",
            "log_config": [],
            "name": "mylab-324007-subnet",
            "network": "https://www.googleapis.com/compute/v1/projects/mylab-324007/global/networks/mylab-324007-vpc",
            "private_ip_google_access": false,
            "private_ipv6_google_access": "DISABLE_GOOGLE_ACCESS",
            "project": "mylab-324007",
            "region": "us-central1",
            "secondary_ip_range": [],
            "self_link": "https://www.googleapis.com/compute/v1/projects/mylab-324007/regions/us-central1/subnetworks/mylab-324007-subnet",
            "timeouts": null
          },
          "sensitive_attributes": [],
          "private": "eyJlMmJmYjczMC1lY2FhLTExZTYtOGY4OC0zNDM2M2JjN2M0YzAiOnsiY3JlYXRlIjozNjAwMDAwMDAwMDAsImRlbGV0ZSI6MzYwMDAwMDAwMDAwLCJ1cGRhdGUiOjM2MDAwMDAwMDAwMH19",
          "dependencies": [
            "google_compute_network.vpc"
          ]
        }
      ]
    },
    {
      "mode": "managed",
      "type": "google_container_cluster",
      "name": "primary",
      "provider": "provider[\"registry.terraform.io/hashicorp/google\"]",
      "instances": [
        {
          "schema_version": 1,
          "attributes": {
            "addons_config": [
              {
                "cloudrun_config": [],
                "horizontal_pod_autoscaling": [],
                "http_load_balancing": [],
                "network_policy_config": [
                  {
                    "disabled": true
                  }
                ]
              }
            ],
            "authenticator_groups_config": [],
            "cluster_autoscaling": [
              {
                "auto_provisioning_defaults": [],
                "enabled": false,
                "resource_limits": []
              }
            ],
            "cluster_ipv4_cidr": "10.124.0.0/14",
            "database_encryption": [
              {
                "key_name": "",
                "state": "DECRYPTED"
              }
            ],
            "default_max_pods_per_node": null,
            "description": "",
            "enable_binary_authorization": false,
            "enable_intranode_visibility": null,
            "enable_kubernetes_alpha": false,
            "enable_legacy_abac": false,
            "enable_shielded_nodes": false,
            "enable_tpu": null,
            "endpoint": "130.211.113.157",
            "id": "projects/mylab-324007/locations/us-central1/clusters/mylab-324007-gke",
            "initial_node_count": 1,
            "instance_group_urls": [],
            "ip_allocation_policy": [],
            "label_fingerprint": "a9dc16a7",
            "location": "us-central1",
            "logging_service": "logging.googleapis.com/kubernetes",
            "maintenance_policy": [],
            "master_auth": [
              {
                "client_certificate": "",
                "client_certificate_config": [
                  {
                    "issue_client_certificate": false
                  }
                ],
                "client_key": "",
                "cluster_ca_certificate": "LS0tLS1CRUdJTiBDRVJUSUZJQ0FURS0tLS0tCk1JSUVMRENDQXBTZ0F3SUJBZ0lRWEZFdDR4eWI2MGFialFoTmlSR2xHVEFOQmdrcWhraUc5dzBCQVFzRkFEQXYKTVMwd0t3WURWUVFERXlRelpUSmpORGc1TkMxbU1UQmpMVFF5TXpRdE9HVmlOaTAyWXpneU5qaG1ORGM1WldZdwpJQmNOTWpFd09URTFNRGt6TWpFNVdoZ1BNakExTVRBNU1EZ3hNRE15TVRsYU1DOHhMVEFyQmdOVkJBTVRKRE5sCk1tTTBPRGswTFdZeE1HTXROREl6TkMwNFpXSTJMVFpqT0RJMk9HWTBOemxsWmpDQ0FhSXdEUVlKS29aSWh2Y04KQVFFQkJRQURnZ0dQQURDQ0FZb0NnZ0dCQUxNNEloWEVsQjdHMWZFSTEyOU15Q1lieGIrcHoxenA0Vjh0dXhqdwpHZTVMZVgzWEFiK1RuaXRGQ0hFWUJkRk1RY252c1lwaHNlTVJ0VXdadU1kdmQzOEdNeEowYU1TMEpYbFNjWDFICkZuZU4rdkdRWGNITjdwem5OSUtsMnVOL1psejJ5S1ZDdHZYWEY1SC9hWVBjaTRwRDFYWTBZUjNUSitvR3htVWUKenlKTkVHTitYUjNiTnh3MXAyNkExM3pBUXB2ZUljYmNNS29zaStRNnRVQ0VxT0phYVArNWlZRm5Bek5JQUVsVgpOQmNBaTE4eHJwKzd1RXF3eWl2TnVEa1JOV1NDTWpkMzgrb3V0QWdQYlFjZCtLSlZwN05DMDBZbjF6Y2FGZ0FFCmlmby90cEZ3SWg4ZEpMSVVweldHcldXZkxzK1E2cmROTUFVQy9HS3hZaFEwcDY3S3dkc3oxc0Q1SE10YUJJMkkKM2kwWktHak9ya2xMeW9Rd0hFd2VGMGQwK3RxOXNhVVNROUNmVXBWMzNSMENoYjNtUzZtVEtoUHB4dmovellBaApzWkViU0tpZDV1Rzhaa2dXOEoxYnY2WW40aXhvVHYxS29SdGZiUm9FU215Y1M1bDF0YUV2eVNVZFlEYUtQT042ClQwRk1FbjU1WlpxVWJybmVqc1JSYlpmOW13SURBUUFCbzBJd1FEQU9CZ05WSFE4QkFmOEVCQU1DQWdRd0R3WUQKVlIwVEFRSC9CQVV3QXdFQi96QWRCZ05WSFE0RUZnUVUwU3E5TTdQYVJMNTQrSEdwL1J2Z010bmxybTh3RFFZSgpLb1pJaHZjTkFRRUxCUUFEZ2dHQkFLRDk0alFTUlloZlhMaWdFZnFNd245VS9Ba1pTRXJYUy92Z3ZMRERERU82Cm00K2kyVkhENVJqYkxvSkorRWdpZFozZEF0QzR2cVlJb3RObHNSVEVLVTB4U1h5SFpubHQveG1uV3h6dUVWK3EKaXRwaEpLQ2J3cFBDMlJMY04yd0YyeWZza1hNNlBCUkMvTWYwei9pNStpYjJVdWRBcktwK3dCNGorOVk5M3g1NgpVSTE2QWFsMk1zMklhTnpwUUpZZlhZY2hiU2dNSVFRNkFuaTVtQ2FZcDFmazlrckpueWdVcWswOTFld0VSK2NCCkpiQ2dsbFRINGUzM2VRYkI1MGZENTNqZnFnR3AybTgxekYzc1FkWmRkcVFpaitIVHhCamROQXVlcmErK2owRXoKeG5MWk5zZWFlVEc1RHhINkR3R0c0bWpITzVIMU5QWlY1aUpYWmlaVlFPRzV3QkltM2lXNCs2SXVVOGF6Y28zNApMUzVtd0wvaGxzbnp3ajJIaE1VeFRYeUVkazRTb0IxcVBjMmpnZEVVUjIzNGx3VzFyT1FsT3dSazdZcFZ6elNzCjc1KzZWcFhZZ2NTdlhjSlR6Tmtvd29kRHJ5bndhTTQvWkhLTW9sTEJuQ1VaV01hNVBOOWRpWEYzNmlKeEZIS08KdnNoNXVhcW9tSWloQVZWTjlDQk5Ldz09Ci0tLS0tRU5EIENFUlRJRklDQVRFLS0tLS0K",
                "password": "",
                "username": ""
              }
            ],
            "master_authorized_networks_config": [],
            "master_version": "1.20.9-gke.701",
            "min_master_version": null,
            "monitoring_service": "monitoring.googleapis.com/kubernetes",
            "name": "mylab-324007-gke",
            "network": "projects/mylab-324007/global/networks/mylab-324007-vpc",
            "network_policy": [
              {
                "enabled": false,
                "provider": "PROVIDER_UNSPECIFIED"
              }
            ],
            "node_config": [],
            "node_locations": [
              "us-central1-a",
              "us-central1-b",
              "us-central1-c"
            ],
            "node_pool": [],
            "node_version": "1.20.9-gke.701",
            "operation": null,
            "pod_security_policy_config": [],
            "private_cluster_config": [],
            "project": "mylab-324007",
            "release_channel": [
              {
                "channel": "REGULAR"
              }
            ],
            "remove_default_node_pool": true,
            "resource_labels": null,
            "resource_usage_export_config": [],
            "self_link": "https://container.googleapis.com/v1beta1/projects/mylab-324007/locations/us-central1/clusters/mylab-324007-gke",
            "services_ipv4_cidr": "10.127.240.0/20",
            "subnetwork": "projects/mylab-324007/regions/us-central1/subnetworks/mylab-324007-subnet",
            "timeouts": null,
            "vertical_pod_autoscaling": [],
            "workload_identity_config": []
          },
          "sensitive_attributes": [],
          "private": "eyJlMmJmYjczMC1lY2FhLTExZTYtOGY4OC0zNDM2M2JjN2M0YzAiOnsiY3JlYXRlIjoyNDAwMDAwMDAwMDAwLCJkZWxldGUiOjI0MDAwMDAwMDAwMDAsInJlYWQiOjI0MDAwMDAwMDAwMDAsInVwZGF0ZSI6MzYwMDAwMDAwMDAwMH0sInNjaGVtYV92ZXJzaW9uIjoiMSJ9",
          "dependencies": [
            "google_compute_network.vpc",
            "google_compute_subnetwork.subnet"
          ]
        }
      ]
    },
    {
      "mode": "managed",
      "type": "google_container_node_pool",
      "name": "primary_nodes",
      "provider": "provider[\"registry.terraform.io/hashicorp/google\"]",
      "instances": [
        {
          "schema_version": 1,
          "attributes": {
            "autoscaling": [],
            "cluster": "mylab-324007-gke",
            "id": "projects/mylab-324007/locations/us-central1/clusters/mylab-324007-gke/nodePools/mylab-324007-gke-node-pool",
            "initial_node_count": 1,
            "instance_group_urls": [
              "https://www.googleapis.com/compute/v1/projects/mylab-324007/zones/us-central1-a/instanceGroupManagers/gke-mylab-324007-gke-mylab-324007-gke-7f69d8aa-grp",
              "https://www.googleapis.com/compute/v1/projects/mylab-324007/zones/us-central1-b/instanceGroupManagers/gke-mylab-324007-gke-mylab-324007-gke-bc68fcd4-grp",
              "https://www.googleapis.com/compute/v1/projects/mylab-324007/zones/us-central1-c/instanceGroupManagers/gke-mylab-324007-gke-mylab-324007-gke-c4ae6bf2-grp"
            ],
            "location": "us-central1",
            "management": [
              {
                "auto_repair": true,
                "auto_upgrade": true
              }
            ],
            "max_pods_per_node": null,
            "name": "mylab-324007-gke-node-pool",
            "name_prefix": "",
            "node_config": [
              {
                "disk_size_gb": 100,
                "disk_type": "pd-standard",
                "guest_accelerator": [],
                "image_type": "COS_CONTAINERD",
                "labels": {
                  "env": "mylab-324007"
                },
                "local_ssd_count": 0,
                "machine_type": "e2-medium",
                "metadata": {
                  "disable-legacy-endpoints": "true"
                },
                "min_cpu_platform": "",
                "oauth_scopes": [
                  "https://www.googleapis.com/auth/logging.write",
                  "https://www.googleapis.com/auth/monitoring"
                ],
                "preemptible": false,
                "service_account": "default",
                "shielded_instance_config": [
                  {
                    "enable_integrity_monitoring": true,
                    "enable_secure_boot": false
                  }
                ],
                "tags": [
                  "gke-node",
                  "mylab-324007-gke"
                ],
                "taint": [],
                "workload_metadata_config": []
              }
            ],
            "node_count": 1,
            "node_locations": [
              "us-central1-a",
              "us-central1-b",
              "us-central1-c"
            ],
            "project": "mylab-324007",
            "timeouts": null,
            "upgrade_settings": [
              {
                "max_surge": 1,
                "max_unavailable": 0
              }
            ],
            "version": "1.20.9-gke.701"
          },
          "sensitive_attributes": [],
          "private": "eyJlMmJmYjczMC1lY2FhLTExZTYtOGY4OC0zNDM2M2JjN2M0YzAiOnsiY3JlYXRlIjoxODAwMDAwMDAwMDAwLCJkZWxldGUiOjE4MDAwMDAwMDAwMDAsInVwZGF0ZSI6MTgwMDAwMDAwMDAwMH0sInNjaGVtYV92ZXJzaW9uIjoiMSJ9",
          "dependencies": [
            "google_compute_network.vpc",
            "google_compute_subnetwork.subnet",
            "google_container_cluster.primary"
          ]
        }
      ]
    }
  ]
}
